
Microsoft Visual Studio Solution File, Format Version 12.00
# Visual Studio Version 17
VisualStudioVersion = 17.7.34221.43
MinimumVisualStudioVersion = 10.0.40219.1
Project("{FAE04EC0-301F-11D3-BF4B-00C04F79EFBC}") = "shop_view", "shop_view\shop_view.csproj", "{5843C91C-21E5-4D42-8AB6-8E85EEC30559}"
EndProject
Global
	GlobalSection(SolutionConfigurationPlatforms) = preSolution
		Debug|Any CPU = Debug|Any CPU
		Release|Any CPU = Release|Any CPU
	EndGlobalSection
	GlobalSection(ProjectConfigurationPlatforms) = postSolution
		{5843C91C-21E5-4D42-8AB6-8E85EEC30559}.Debug|Any CPU.ActiveCfg = Debug|Any CPU
		{5843C91C-21E5-4D42-8AB6-8E85EEC30559}.Debug|Any CPU.Build.0 = Debug|Any CPU
		{5843C91C-21E5-4D42-8AB6-8E85EEC30559}.Release|Any CPU.ActiveCfg = Release|Any CPU
		{5843C91C-21E5-4D42-8AB6-8E85EEC30559}.Release|Any CPU.Build.0 = Release|Any CPU
	EndGlobalSection
	GlobalSection(SolutionProperties) = preSolution
		HideSolutionNode = FALSE
	EndGlobalSection
	GlobalSection(ExtensibilityGlobals) = postSolution
		SolutionGuid = {A08BB979-82A9-4C2E-B1BB-DE1AE8FA752B}
	EndGlobalSection
EndGlobal
